// !$*UTF8*$!
{
	archiveVersion = 1;
	classes = {
	};
	objectVersion = 46;
	objects = {

/* Begin PBXBuildFile section */
		1849613180C270D4AF906ACF /* Pods_SymbolicateCrashGUI.framework in Frameworks */ = {isa = PBXBuildFile; fileRef = A570D9D69EEAA2725712F148 /* Pods_SymbolicateCrashGUI.framework */; };
		8E667E5A22CCC739009881DC /* DJActivityIndicator.m in Sources */ = {isa = PBXBuildFile; fileRef = 8E667E5322CCC739009881DC /* DJActivityIndicator.m */; };
		8E667E5B22CCC739009881DC /* DJProgressIndicator.m in Sources */ = {isa = PBXBuildFile; fileRef = 8E667E5522CCC739009881DC /* DJProgressIndicator.m */; };
		8E667E5C22CCC739009881DC /* DJBezierPath.m in Sources */ = {isa = PBXBuildFile; fileRef = 8E667E5722CCC739009881DC /* DJBezierPath.m */; };
		8E667E5D22CCC739009881DC /* DJProgressHUD.m in Sources */ = {isa = PBXBuildFile; fileRef = 8E667E5822CCC739009881DC /* DJProgressHUD.m */; };
		8ED7F2171B734ACF007A9D75 /* AppDelegate.swift in Sources */ = {isa = PBXBuildFile; fileRef = 8ED7F2161B734ACF007A9D75 /* AppDelegate.swift */; };
		8ED7F2191B734ACF007A9D75 /* ViewController.swift in Sources */ = {isa = PBXBuildFile; fileRef = 8ED7F2181B734ACF007A9D75 /* ViewController.swift */; };
		8ED7F21B1B734ACF007A9D75 /* Images.xcassets in Resources */ = {isa = PBXBuildFile; fileRef = 8ED7F21A1B734ACF007A9D75 /* Images.xcassets */; };
		8ED7F21E1B734ACF007A9D75 /* Main.storyboard in Resources */ = {isa = PBXBuildFile; fileRef = 8ED7F21C1B734ACF007A9D75 /* Main.storyboard */; };
		8ED7F22A1B734ACF007A9D75 /* SymbolicateCrashGUITests.swift in Sources */ = {isa = PBXBuildFile; fileRef = 8ED7F2291B734ACF007A9D75 /* SymbolicateCrashGUITests.swift */; };
		8ED7F2341B7351B2007A9D75 /* DraggableView.swift in Sources */ = {isa = PBXBuildFile; fileRef = 8ED7F2331B7351B2007A9D75 /* DraggableView.swift */; };
		8ED7F2361B744A19007A9D75 /* WindowController.swift in Sources */ = {isa = PBXBuildFile; fileRef = 8ED7F2351B744A19007A9D75 /* WindowController.swift */; };
		E785039D4C058B0F344C0D44 /* Pods_SymbolicateCrashGUITests.framework in Frameworks */ = {isa = PBXBuildFile; fileRef = A7EF2994E3B9FC000F0ADAE4 /* Pods_SymbolicateCrashGUITests.framework */; };
/* End PBXBuildFile section */

/* Begin PBXContainerItemProxy section */
		8ED7F2241B734ACF007A9D75 /* PBXContainerItemProxy */ = {
			isa = PBXContainerItemProxy;
			containerPortal = 8ED7F2091B734ACF007A9D75 /* Project object */;
			proxyType = 1;
			remoteGlobalIDString = 8ED7F2101B734ACF007A9D75;
			remoteInfo = SymbolicateCrashGUI;
		};
/* End PBXContainerItemProxy section */

/* Begin PBXFileReference section */
		10C3CACA27FC409F7599ABB0 /* Pods-SymbolicateCrashGUITests.debug.xcconfig */ = {isa = PBXFileReference; includeInIndex = 1; lastKnownFileType = text.xcconfig; name = "Pods-SymbolicateCrashGUITests.debug.xcconfig"; path = "Target Support Files/Pods-SymbolicateCrashGUITests/Pods-SymbolicateCrashGUITests.debug.xcconfig"; sourceTree = "<group>"; };
		1EC702EB9FA0A6C2E974612E /* Pods-SymbolicateCrashGUI.release.xcconfig */ = {isa = PBXFileReference; includeInIndex = 1; lastKnownFileType = text.xcconfig; name = "Pods-SymbolicateCrashGUI.release.xcconfig"; path = "Target Support Files/Pods-SymbolicateCrashGUI/Pods-SymbolicateCrashGUI.release.xcconfig"; sourceTree = "<group>"; };
		76127A8714E935E2ED21B9B7 /* Pods-SymbolicateCrashGUITests.release.xcconfig */ = {isa = PBXFileReference; includeInIndex = 1; lastKnownFileType = text.xcconfig; name = "Pods-SymbolicateCrashGUITests.release.xcconfig"; path = "Target Support Files/Pods-SymbolicateCrashGUITests/Pods-SymbolicateCrashGUITests.release.xcconfig"; sourceTree = "<group>"; };
		8E667E5222CCC739009881DC /* DJBezierPath.h */ = {isa = PBXFileReference; fileEncoding = 4; lastKnownFileType = sourcecode.c.h; path = DJBezierPath.h; sourceTree = "<group>"; };
		8E667E5322CCC739009881DC /* DJActivityIndicator.m */ = {isa = PBXFileReference; fileEncoding = 4; lastKnownFileType = sourcecode.c.objc; path = DJActivityIndicator.m; sourceTree = "<group>"; };
		8E667E5422CCC739009881DC /* DJProgressHUD.h */ = {isa = PBXFileReference; fileEncoding = 4; lastKnownFileType = sourcecode.c.h; path = DJProgressHUD.h; sourceTree = "<group>"; };
		8E667E5522CCC739009881DC /* DJProgressIndicator.m */ = {isa = PBXFileReference; fileEncoding = 4; lastKnownFileType = sourcecode.c.objc; path = DJProgressIndicator.m; sourceTree = "<group>"; };
		8E667E5622CCC739009881DC /* DJActivityIndicator.h */ = {isa = PBXFileReference; fileEncoding = 4; lastKnownFileType = sourcecode.c.h; path = DJActivityIndicator.h; sourceTree = "<group>"; };
		8E667E5722CCC739009881DC /* DJBezierPath.m */ = {isa = PBXFileReference; fileEncoding = 4; lastKnownFileType = sourcecode.c.objc; path = DJBezierPath.m; sourceTree = "<group>"; };
		8E667E5822CCC739009881DC /* DJProgressHUD.m */ = {isa = PBXFileReference; fileEncoding = 4; lastKnownFileType = sourcecode.c.objc; path = DJProgressHUD.m; sourceTree = "<group>"; };
		8E667E5922CCC739009881DC /* DJProgressIndicator.h */ = {isa = PBXFileReference; fileEncoding = 4; lastKnownFileType = sourcecode.c.h; path = DJProgressIndicator.h; sourceTree = "<group>"; };
		8E667E6022CCC7B4009881DC /* BridgingHeader.h */ = {isa = PBXFileReference; lastKnownFileType = sourcecode.c.h; path = BridgingHeader.h; sourceTree = "<group>"; };
		8ED7F2111B734ACF007A9D75 /* SymbolicateCrashGUI.app */ = {isa = PBXFileReference; explicitFileType = wrapper.application; includeInIndex = 0; path = SymbolicateCrashGUI.app; sourceTree = BUILT_PRODUCTS_DIR; };
		8ED7F2151B734ACF007A9D75 /* Info.plist */ = {isa = PBXFileReference; lastKnownFileType = text.plist.xml; path = Info.plist; sourceTree = "<group>"; };
		8ED7F2161B734ACF007A9D75 /* AppDelegate.swift */ = {isa = PBXFileReference; lastKnownFileType = sourcecode.swift; path = AppDelegate.swift; sourceTree = "<group>"; };
		8ED7F2181B734ACF007A9D75 /* ViewController.swift */ = {isa = PBXFileReference; lastKnownFileType = sourcecode.swift; path = ViewController.swift; sourceTree = "<group>"; };
		8ED7F21A1B734ACF007A9D75 /* Images.xcassets */ = {isa = PBXFileReference; lastKnownFileType = folder.assetcatalog; path = Images.xcassets; sourceTree = "<group>"; };
		8ED7F21D1B734ACF007A9D75 /* Base */ = {isa = PBXFileReference; lastKnownFileType = file.storyboard; name = Base; path = Base.lproj/Main.storyboard; sourceTree = "<group>"; };
		8ED7F2231B734ACF007A9D75 /* SymbolicateCrashGUITests.xctest */ = {isa = PBXFileReference; explicitFileType = wrapper.cfbundle; includeInIndex = 0; path = SymbolicateCrashGUITests.xctest; sourceTree = BUILT_PRODUCTS_DIR; };
		8ED7F2281B734ACF007A9D75 /* Info.plist */ = {isa = PBXFileReference; lastKnownFileType = text.plist.xml; path = Info.plist; sourceTree = "<group>"; };
		8ED7F2291B734ACF007A9D75 /* SymbolicateCrashGUITests.swift */ = {isa = PBXFileReference; lastKnownFileType = sourcecode.swift; path = SymbolicateCrashGUITests.swift; sourceTree = "<group>"; };
		8ED7F2331B7351B2007A9D75 /* DraggableView.swift */ = {isa = PBXFileReference; fileEncoding = 4; lastKnownFileType = sourcecode.swift; path = DraggableView.swift; sourceTree = "<group>"; };
		8ED7F2351B744A19007A9D75 /* WindowController.swift */ = {isa = PBXFileReference; fileEncoding = 4; lastKnownFileType = sourcecode.swift; path = WindowController.swift; sourceTree = "<group>"; };
		9DC8AF6B2CDDB6BEF9CDC1E4 /* Pods-SymbolicateCrashGUI.debug.xcconfig */ = {isa = PBXFileReference; includeInIndex = 1; lastKnownFileType = text.xcconfig; name = "Pods-SymbolicateCrashGUI.debug.xcconfig"; path = "Target Support Files/Pods-SymbolicateCrashGUI/Pods-SymbolicateCrashGUI.debug.xcconfig"; sourceTree = "<group>"; };
		A570D9D69EEAA2725712F148 /* Pods_SymbolicateCrashGUI.framework */ = {isa = PBXFileReference; explicitFileType = wrapper.framework; includeInIndex = 0; path = Pods_SymbolicateCrashGUI.framework; sourceTree = BUILT_PRODUCTS_DIR; };
		A7EF2994E3B9FC000F0ADAE4 /* Pods_SymbolicateCrashGUITests.framework */ = {isa = PBXFileReference; explicitFileType = wrapper.framework; includeInIndex = 0; path = Pods_SymbolicateCrashGUITests.framework; sourceTree = BUILT_PRODUCTS_DIR; };
/* End PBXFileReference section */

/* Begin PBXFrameworksBuildPhase section */
		8ED7F20E1B734ACF007A9D75 /* Frameworks */ = {
			isa = PBXFrameworksBuildPhase;
			buildActionMask = 2147483647;
			files = (
				1849613180C270D4AF906ACF /* Pods_SymbolicateCrashGUI.framework in Frameworks */,
			);
			runOnlyForDeploymentPostprocessing = 0;
		};
		8ED7F2201B734ACF007A9D75 /* Frameworks */ = {
			isa = PBXFrameworksBuildPhase;
			buildActionMask = 2147483647;
			files = (
				E785039D4C058B0F344C0D44 /* Pods_SymbolicateCrashGUITests.framework in Frameworks */,
			);
			runOnlyForDeploymentPostprocessing = 0;
		};
/* End PBXFrameworksBuildPhase section */

/* Begin PBXGroup section */
		05FF0C5F4521B6357A4BD905 /* Frameworks */ = {
			isa = PBXGroup;
			children = (
				A570D9D69EEAA2725712F148 /* Pods_SymbolicateCrashGUI.framework */,
				A7EF2994E3B9FC000F0ADAE4 /* Pods_SymbolicateCrashGUITests.framework */,
			);
			name = Frameworks;
			sourceTree = "<group>";
		};
		0C7662759BA215337BCF2392 /* Pods */ = {
			isa = PBXGroup;
			children = (
				9DC8AF6B2CDDB6BEF9CDC1E4 /* Pods-SymbolicateCrashGUI.debug.xcconfig */,
				1EC702EB9FA0A6C2E974612E /* Pods-SymbolicateCrashGUI.release.xcconfig */,
				10C3CACA27FC409F7599ABB0 /* Pods-SymbolicateCrashGUITests.debug.xcconfig */,
				76127A8714E935E2ED21B9B7 /* Pods-SymbolicateCrashGUITests.release.xcconfig */,
			);
			path = Pods;
			sourceTree = "<group>";
		};
		8E667E5022CCC739009881DC /* Library */ = {
			isa = PBXGroup;
			children = (
				8E667E5122CCC739009881DC /* DJProgressHUD */,
				8E667E6022CCC7B4009881DC /* BridgingHeader.h */,
			);
			path = Library;
			sourceTree = "<group>";
		};
		8E667E5122CCC739009881DC /* DJProgressHUD */ = {
			isa = PBXGroup;
			children = (
				8E667E5222CCC739009881DC /* DJBezierPath.h */,
				8E667E5322CCC739009881DC /* DJActivityIndicator.m */,
				8E667E5422CCC739009881DC /* DJProgressHUD.h */,
				8E667E5522CCC739009881DC /* DJProgressIndicator.m */,
				8E667E5622CCC739009881DC /* DJActivityIndicator.h */,
				8E667E5722CCC739009881DC /* DJBezierPath.m */,
				8E667E5822CCC739009881DC /* DJProgressHUD.m */,
				8E667E5922CCC739009881DC /* DJProgressIndicator.h */,
			);
			path = DJProgressHUD;
			sourceTree = "<group>";
		};
		8ED7F2081B734ACF007A9D75 = {
			isa = PBXGroup;
			children = (
				8ED7F2131B734ACF007A9D75 /* SymbolicateCrashGUI */,
				8ED7F2261B734ACF007A9D75 /* SymbolicateCrashGUITests */,
				8ED7F2121B734ACF007A9D75 /* Products */,
				0C7662759BA215337BCF2392 /* Pods */,
				05FF0C5F4521B6357A4BD905 /* Frameworks */,
			);
			sourceTree = "<group>";
		};
		8ED7F2121B734ACF007A9D75 /* Products */ = {
			isa = PBXGroup;
			children = (
				8ED7F2111B734ACF007A9D75 /* SymbolicateCrashGUI.app */,
				8ED7F2231B734ACF007A9D75 /* SymbolicateCrashGUITests.xctest */,
			);
			name = Products;
			sourceTree = "<group>";
		};
		8ED7F2131B734ACF007A9D75 /* SymbolicateCrashGUI */ = {
			isa = PBXGroup;
			children = (
				8ED7F2161B734ACF007A9D75 /* AppDelegate.swift */,
				8ED7F2351B744A19007A9D75 /* WindowController.swift */,
				8ED7F2181B734ACF007A9D75 /* ViewController.swift */,
				8ED7F2331B7351B2007A9D75 /* DraggableView.swift */,
				8ED7F21A1B734ACF007A9D75 /* Images.xcassets */,
				8ED7F21C1B734ACF007A9D75 /* Main.storyboard */,
				8E667E5022CCC739009881DC /* Library */,
				8ED7F2141B734ACF007A9D75 /* Supporting Files */,
			);
			path = SymbolicateCrashGUI;
			sourceTree = "<group>";
		};
		8ED7F2141B734ACF007A9D75 /* Supporting Files */ = {
			isa = PBXGroup;
			children = (
				8ED7F2151B734ACF007A9D75 /* Info.plist */,
			);
			name = "Supporting Files";
			sourceTree = "<group>";
		};
		8ED7F2261B734ACF007A9D75 /* SymbolicateCrashGUITests */ = {
			isa = PBXGroup;
			children = (
				8ED7F2291B734ACF007A9D75 /* SymbolicateCrashGUITests.swift */,
				8ED7F2271B734ACF007A9D75 /* Supporting Files */,
			);
			path = SymbolicateCrashGUITests;
			sourceTree = "<group>";
		};
		8ED7F2271B734ACF007A9D75 /* Supporting Files */ = {
			isa = PBXGroup;
			children = (
				8ED7F2281B734ACF007A9D75 /* Info.plist */,
			);
			name = "Supporting Files";
			sourceTree = "<group>";
		};
/* End PBXGroup section */

/* Begin PBXNativeTarget section */
		8ED7F2101B734ACF007A9D75 /* SymbolicateCrashGUI */ = {
			isa = PBXNativeTarget;
			buildConfigurationList = 8ED7F22D1B734ACF007A9D75 /* Build configuration list for PBXNativeTarget "SymbolicateCrashGUI" */;
			buildPhases = (
				C8C0AEFCAD0C118321CD7ED6 /* [CP] Check Pods Manifest.lock */,
				8ED7F20D1B734ACF007A9D75 /* Sources */,
				8ED7F20E1B734ACF007A9D75 /* Frameworks */,
				8ED7F20F1B734ACF007A9D75 /* Resources */,
			);
			buildRules = (
			);
			dependencies = (
			);
			name = SymbolicateCrashGUI;
			productName = SymbolicateCrashGUI;
			productReference = 8ED7F2111B734ACF007A9D75 /* SymbolicateCrashGUI.app */;
			productType = "com.apple.product-type.application";
		};
		8ED7F2221B734ACF007A9D75 /* SymbolicateCrashGUITests */ = {
			isa = PBXNativeTarget;
			buildConfigurationList = 8ED7F2301B734ACF007A9D75 /* Build configuration list for PBXNativeTarget "SymbolicateCrashGUITests" */;
			buildPhases = (
				9098EBF14BCE79438615E840 /* [CP] Check Pods Manifest.lock */,
				8ED7F21F1B734ACF007A9D75 /* Sources */,
				8ED7F2201B734ACF007A9D75 /* Frameworks */,
				8ED7F2211B734ACF007A9D75 /* Resources */,
			);
			buildRules = (
			);
			dependencies = (
				8ED7F2251B734ACF007A9D75 /* PBXTargetDependency */,
			);
			name = SymbolicateCrashGUITests;
			productName = SymbolicateCrashGUITests;
			productReference = 8ED7F2231B734ACF007A9D75 /* SymbolicateCrashGUITests.xctest */;
			productType = "com.apple.product-type.bundle.unit-test";
		};
/* End PBXNativeTarget section */

/* Begin PBXProject section */
		8ED7F2091B734ACF007A9D75 /* Project object */ = {
			isa = PBXProject;
			attributes = {
				LastSwiftMigration = 0720;
				LastUpgradeCheck = 1020;
				ORGANIZATIONNAME = YangApp.com;
				TargetAttributes = {
					8ED7F2101B734ACF007A9D75 = {
						CreatedOnToolsVersion = 6.4;
						LastSwiftMigration = 1020;
					};
					8ED7F2221B734ACF007A9D75 = {
						CreatedOnToolsVersion = 6.4;
						LastSwiftMigration = 1020;
						TestTargetID = 8ED7F2101B734ACF007A9D75;
					};
				};
			};
			buildConfigurationList = 8ED7F20C1B734ACF007A9D75 /* Build configuration list for PBXProject "SymbolicateCrashGUI" */;
			compatibilityVersion = "Xcode 3.2";
			developmentRegion = en;
			hasScannedForEncodings = 0;
			knownRegions = (
				en,
				Base,
			);
			mainGroup = 8ED7F2081B734ACF007A9D75;
			productRefGroup = 8ED7F2121B734ACF007A9D75 /* Products */;
			projectDirPath = "";
			projectRoot = "";
			targets = (
				8ED7F2101B734ACF007A9D75 /* SymbolicateCrashGUI */,
				8ED7F2221B734ACF007A9D75 /* SymbolicateCrashGUITests */,
			);
		};
/* End PBXProject section */

/* Begin PBXResourcesBuildPhase section */
		8ED7F20F1B734ACF007A9D75 /* Resources */ = {
			isa = PBXResourcesBuildPhase;
			buildActionMask = 2147483647;
			files = (
				8ED7F21B1B734ACF007A9D75 /* Images.xcassets in Resources */,
				8ED7F21E1B734ACF007A9D75 /* Main.storyboard in Resources */,
			);
			runOnlyForDeploymentPostprocessing = 0;
		};
		8ED7F2211B734ACF007A9D75 /* Resources */ = {
			isa = PBXResourcesBuildPhase;
			buildActionMask = 2147483647;
			files = (
			);
			runOnlyForDeploymentPostprocessing = 0;
		};
/* End PBXResourcesBuildPhase section */

/* Begin PBXShellScriptBuildPhase section */
		9098EBF14BCE79438615E840 /* [CP] Check Pods Manifest.lock */ = {
			isa = PBXShellScriptBuildPhase;
			buildActionMask = 2147483647;
			files = (
			);
			inputFileListPaths = (
			);
			inputPaths = (
				"${PODS_PODFILE_DIR_PATH}/Podfile.lock",
				"${PODS_ROOT}/Manifest.lock",
			);
			name = "[CP] Check Pods Manifest.lock";
			outputFileListPaths = (
			);
			outputPaths = (
				"$(DERIVED_FILE_DIR)/Pods-SymbolicateCrashGUITests-checkManifestLockResult.txt",
			);
			runOnlyForDeploymentPostprocessing = 0;
			shellPath = /bin/sh;
			shellScript = "diff \"${PODS_PODFILE_DIR_PATH}/Podfile.lock\" \"${PODS_ROOT}/Manifest.lock\" > /dev/null\nif [ $? != 0 ] ; then\n    # print error to STDERR\n    echo \"error: The sandbox is not in sync with the Podfile.lock. Run 'pod install' or update your CocoaPods installation.\" >&2\n    exit 1\nfi\n# This output is used by Xcode 'outputs' to avoid re-running this script phase.\necho \"SUCCESS\" > \"${SCRIPT_OUTPUT_FILE_0}\"\n";
			showEnvVarsInLog = 0;
		};
		C8C0AEFCAD0C118321CD7ED6 /* [CP] Check Pods Manifest.lock */ = {
			isa = PBXShellScriptBuildPhase;
			buildActionMask = 2147483647;
			files = (
			);
			inputFileListPaths = (
			);
			inputPaths = (
				"${PODS_PODFILE_DIR_PATH}/Podfile.lock",
				"${PODS_ROOT}/Manifest.lock",
			);
			name = "[CP] Check Pods Manifest.lock";
			outputFileListPaths = (
			);
			outputPaths = (
				"$(DERIVED_FILE_DIR)/Pods-SymbolicateCrashGUI-checkManifestLockResult.txt",
			);
			runOnlyForDeploymentPostprocessing = 0;
			shellPath = /bin/sh;
			shellScript = "diff \"${PODS_PODFILE_DIR_PATH}/Podfile.lock\" \"${PODS_ROOT}/Manifest.lock\" > /dev/null\nif [ $? != 0 ] ; then\n    # print error to STDERR\n    echo \"error: The sandbox is not in sync with the Podfile.lock. Run 'pod install' or update your CocoaPods installation.\" >&2\n    exit 1\nfi\n# This output is used by Xcode 'outputs' to avoid re-running this script phase.\necho \"SUCCESS\" > \"${SCRIPT_OUTPUT_FILE_0}\"\n";
			showEnvVarsInLog = 0;
		};
/* End PBXShellScriptBuildPhase section */

/* Begin PBXSourcesBuildPhase section */
		8ED7F20D1B734ACF007A9D75 /* Sources */ = {
			isa = PBXSourcesBuildPhase;
			buildActionMask = 2147483647;
			files = (
				8E667E5B22CCC739009881DC /* DJProgressIndicator.m in Sources */,
				8E667E5C22CCC739009881DC /* DJBezierPath.m in Sources */,
				8E667E5A22CCC739009881DC /* DJActivityIndicator.m in Sources */,
				8ED7F2341B7351B2007A9D75 /* DraggableView.swift in Sources */,
				8ED7F2361B744A19007A9D75 /* WindowController.swift in Sources */,
				8ED7F2191B734ACF007A9D75 /* ViewController.swift in Sources */,
				8E667E5D22CCC739009881DC /* DJProgressHUD.m in Sources */,
				8ED7F2171B734ACF007A9D75 /* AppDelegate.swift in Sources */,
			);
			runOnlyForDeploymentPostprocessing = 0;
		};
		8ED7F21F1B734ACF007A9D75 /* Sources */ = {
			isa = PBXSourcesBuildPhase;
			buildActionMask = 2147483647;
			files = (
				8ED7F22A1B734ACF007A9D75 /* SymbolicateCrashGUITests.swift in Sources */,
			);
			runOnlyForDeploymentPostprocessing = 0;
		};
/* End PBXSourcesBuildPhase section */

/* Begin PBXTargetDependency section */
		8ED7F2251B734ACF007A9D75 /* PBXTargetDependency */ = {
			isa = PBXTargetDependency;
			target = 8ED7F2101B734ACF007A9D75 /* SymbolicateCrashGUI */;
			targetProxy = 8ED7F2241B734ACF007A9D75 /* PBXContainerItemProxy */;
		};
/* End PBXTargetDependency section */

/* Begin PBXVariantGroup section */
		8ED7F21C1B734ACF007A9D75 /* Main.storyboard */ = {
			isa = PBXVariantGroup;
			children = (
				8ED7F21D1B734ACF007A9D75 /* Base */,
			);
			name = Main.storyboard;
			sourceTree = "<group>";
		};
/* End PBXVariantGroup section */

/* Begin XCBuildConfiguration section */
		8ED7F22B1B734ACF007A9D75 /* Debug */ = {
			isa = XCBuildConfiguration;
			buildSettings = {
				ALWAYS_SEARCH_USER_PATHS = NO;
				CLANG_CXX_LANGUAGE_STANDARD = "gnu++0x";
				CLANG_CXX_LIBRARY = "libc++";
				CLANG_ENABLE_MODULES = YES;
				CLANG_ENABLE_OBJC_ARC = YES;
				CLANG_WARN_BLOCK_CAPTURE_AUTORELEASING = YES;
				CLANG_WARN_BOOL_CONVERSION = YES;
				CLANG_WARN_COMMA = YES;
				CLANG_WARN_CONSTANT_CONVERSION = YES;
				CLANG_WARN_DEPRECATED_OBJC_IMPLEMENTATIONS = YES;
				CLANG_WARN_DIRECT_OBJC_ISA_USAGE = YES_ERROR;
				CLANG_WARN_EMPTY_BODY = YES;
				CLANG_WARN_ENUM_CONVERSION = YES;
				CLANG_WARN_INFINITE_RECURSION = YES;
				CLANG_WARN_INT_CONVERSION = YES;
				CLANG_WARN_NON_LITERAL_NULL_CONVERSION = YES;
				CLANG_WARN_OBJC_IMPLICIT_RETAIN_SELF = YES;
				CLANG_WARN_OBJC_LITERAL_CONVERSION = YES;
				CLANG_WARN_OBJC_ROOT_CLASS = YES_ERROR;
				CLANG_WARN_RANGE_LOOP_ANALYSIS = YES;
				CLANG_WARN_STRICT_PROTOTYPES = YES;
				CLANG_WARN_SUSPICIOUS_MOVE = YES;
				CLANG_WARN_UNREACHABLE_CODE = YES;
				CLANG_WARN__DUPLICATE_METHOD_MATCH = YES;
				CODE_SIGN_IDENTITY = "-";
				COPY_PHASE_STRIP = NO;
				DEBUG_INFORMATION_FORMAT = dwarf;
				ENABLE_STRICT_OBJC_MSGSEND = YES;
				ENABLE_TESTABILITY = YES;
				GCC_C_LANGUAGE_STANDARD = gnu99;
				GCC_DYNAMIC_NO_PIC = NO;
				GCC_NO_COMMON_BLOCKS = YES;
				GCC_OPTIMIZATION_LEVEL = 0;
				GCC_PREPROCESSOR_DEFINITIONS = (
					"DEBUG=1",
					"$(inherited)",
				);
				GCC_SYMBOLS_PRIVATE_EXTERN = NO;
				GCC_WARN_64_TO_32_BIT_CONVERSION = YES;
				GCC_WARN_ABOUT_RETURN_TYPE = YES_ERROR;
				GCC_WARN_UNDECLARED_SELECTOR = YES;
				GCC_WARN_UNINITIALIZED_AUTOS = YES_AGGRESSIVE;
				GCC_WARN_UNUSED_FUNCTION = YES;
				GCC_WARN_UNUSED_VARIABLE = YES;
				MACOSX_DEPLOYMENT_TARGET = 10.10;
				MTL_ENABLE_DEBUG_INFO = YES;
				ONLY_ACTIVE_ARCH = YES;
				SDKROOT = macosx;
				SWIFT_OBJC_BRIDGING_HEADER = SymbolicateCrashGUI/Library/BridgingHeader.h;
				SWIFT_OPTIMIZATION_LEVEL = "-Onone";
			};
			name = Debug;
		};
		8ED7F22C1B734ACF007A9D75 /* Release */ = {
			isa = XCBuildConfiguration;
			buildSettings = {
				ALWAYS_SEARCH_USER_PATHS = NO;
				CLANG_CXX_LANGUAGE_STANDARD = "gnu++0x";
				CLANG_CXX_LIBRARY = "libc++";
				CLANG_ENABLE_MODULES = YES;
				CLANG_ENABLE_OBJC_ARC = YES;
				CLANG_WARN_BLOCK_CAPTURE_AUTORELEASING = YES;
				CLANG_WARN_BOOL_CONVERSION = YES;
				CLANG_WARN_COMMA = YES;
				CLANG_WARN_CONSTANT_CONVERSION = YES;
				CLANG_WARN_DEPRECATED_OBJC_IMPLEMENTATIONS = YES;
				CLANG_WARN_DIRECT_OBJC_ISA_USAGE = YES_ERROR;
				CLANG_WARN_EMPTY_BODY = YES;
				CLANG_WARN_ENUM_CONVERSION = YES;
				CLANG_WARN_INFINITE_RECURSION = YES;
				CLANG_WARN_INT_CONVERSION = YES;
				CLANG_WARN_NON_LITERAL_NULL_CONVERSION = YES;
				CLANG_WARN_OBJC_IMPLICIT_RETAIN_SELF = YES;
				CLANG_WARN_OBJC_LITERAL_CONVERSION = YES;
				CLANG_WARN_OBJC_ROOT_CLASS = YES_ERROR;
				CLANG_WARN_RANGE_LOOP_ANALYSIS = YES;
				CLANG_WARN_STRICT_PROTOTYPES = YES;
				CLANG_WARN_SUSPICIOUS_MOVE = YES;
				CLANG_WARN_UNREACHABLE_CODE = YES;
				CLANG_WARN__DUPLICATE_METHOD_MATCH = YES;
				CODE_SIGN_IDENTITY = "-";
				COPY_PHASE_STRIP = NO;
				DEBUG_INFORMATION_FORMAT = "dwarf-with-dsym";
				ENABLE_NS_ASSERTIONS = NO;
				ENABLE_STRICT_OBJC_MSGSEND = YES;
				GCC_C_LANGUAGE_STANDARD = gnu99;
				GCC_NO_COMMON_BLOCKS = YES;
				GCC_WARN_64_TO_32_BIT_CONVERSION = YES;
				GCC_WARN_ABOUT_RETURN_TYPE = YES_ERROR;
				GCC_WARN_UNDECLARED_SELECTOR = YES;
				GCC_WARN_UNINITIALIZED_AUTOS = YES_AGGRESSIVE;
				GCC_WARN_UNUSED_FUNCTION = YES;
				GCC_WARN_UNUSED_VARIABLE = YES;
				MACOSX_DEPLOYMENT_TARGET = 10.10;
				MTL_ENABLE_DEBUG_INFO = NO;
				SDKROOT = macosx;
				SWIFT_COMPILATION_MODE = wholemodule;
				SWIFT_OBJC_BRIDGING_HEADER = SymbolicateCrashGUI/Library/BridgingHeader.h;
			};
			name = Release;
		};
		8ED7F22E1B734ACF007A9D75 /* Debug */ = {
			isa = XCBuildConfiguration;
			baseConfigurationReference = 9DC8AF6B2CDDB6BEF9CDC1E4 /* Pods-SymbolicateCrashGUI.debug.xcconfig */;
			buildSettings = {
				ASSETCATALOG_COMPILER_APPICON_NAME = AppIcon;
				COMBINE_HIDPI_IMAGES = YES;
				INFOPLIST_FILE = SymbolicateCrashGUI/Info.plist;
				LD_RUNPATH_SEARCH_PATHS = "$(inherited) @executable_path/../Frameworks";
				PRODUCT_BUNDLE_IDENTIFIER = "com.yangapp.osx.$(PRODUCT_NAME:rfc1034identifier)";
				PRODUCT_NAME = "$(TARGET_NAME)";
				SWIFT_VERSION = 5.0;
			};
			name = Debug;
		};
		8ED7F22F1B734ACF007A9D75 /* Release */ = {
			isa = XCBuildConfiguration;
			baseConfigurationReference = 1EC702EB9FA0A6C2E974612E /* Pods-SymbolicateCrashGUI.release.xcconfig */;
			buildSettings = {
				ASSETCATALOG_COMPILER_APPICON_NAME = AppIcon;
				COMBINE_HIDPI_IMAGES = YES;
				INFOPLIST_FILE = SymbolicateCrashGUI/Info.plist;
				LD_RUNPATH_SEARCH_PATHS = "$(inherited) @executable_path/../Frameworks";
				PRODUCT_BUNDLE_IDENTIFIER = "com.yangapp.osx.$(PRODUCT_NAME:rfc1034identifier)";
				PRODUCT_NAME = "$(TARGET_NAME)";
				SWIFT_VERSION = 5.0;
			};
			name = Release;
		};
		8ED7F2311B734ACF007A9D75 /* Debug */ = {
			isa = XCBuildConfiguration;
			baseConfigurationReference = 10C3CACA27FC409F7599ABB0 /* Pods-SymbolicateCrashGUITests.debug.xcconfig */;
			buildSettings = {
				BUNDLE_LOADER = "$(TEST_HOST)";
				COMBINE_HIDPI_IMAGES = YES;
				FRAMEWORK_SEARCH_PATHS = (
					"$(DEVELOPER_FRAMEWORKS_DIR)",
					"$(inherited)",
				);
				GCC_PREPROCESSOR_DEFINITIONS = (
					"DEBUG=1",
					"$(inherited)",
				);
				INFOPLIST_FILE = SymbolicateCrashGUITests/Info.plist;
				LD_RUNPATH_SEARCH_PATHS = "$(inherited) @executable_path/../Frameworks @loader_path/../Frameworks";
				PRODUCT_BUNDLE_IDENTIFIER = "com.yangapp.osx.$(PRODUCT_NAME:rfc1034identifier)";
				PRODUCT_NAME = "$(TARGET_NAME)";
				SWIFT_VERSION = 5.0;
				TEST_HOST = "$(BUILT_PRODUCTS_DIR)/SymbolicateCrashGUI.app/Contents/MacOS/SymbolicateCrashGUI";
			};
			name = Debug;
		};
		8ED7F2321B734ACF007A9D75 /* Release */ = {
			isa = XCBuildConfiguration;
			baseConfigurationReference = 76127A8714E935E2ED21B9B7 /* Pods-SymbolicateCrashGUITests.release.xcconfig */;
			buildSettings = {
				BUNDLE_LOADER = "$(TEST_HOST)";
				COMBINE_HIDPI_IMAGES = YES;
				FRAMEWORK_SEARCH_PATHS = (
					"$(DEVELOPER_FRAMEWORKS_DIR)",
					"$(inherited)",
				);
				INFOPLIST_FILE = SymbolicateCrashGUITests/Info.plist;
				LD_RUNPATH_SEARCH_PATHS = "$(inherited) @executable_path/../Frameworks @loader_path/../Frameworks";
				PRODUCT_BUNDLE_IDENTIFIER = "com.yangapp.osx.$(PRODUCT_NAME:rfc1034identifier)";
				PRODUCT_NAME = "$(TARGET_NAME)";
				SWIFT_VERSION = 5.0;
				TEST_HOST = "$(BUILT_PRODUCTS_DIR)/SymbolicateCrashGUI.app/Contents/MacOS/SymbolicateCrashGUI";
			};
			name = Release;
		};
/* End XCBuildConfiguration section */

/* Begin XCConfigurationList section */
		8ED7F20C1B734ACF007A9D75 /* Build configuration list for PBXProject "SymbolicateCrashGUI" */ = {
			isa = XCConfigurationList;
			buildConfigurations = (
				8ED7F22B1B734ACF007A9D75 /* Debug */,
				8ED7F22C1B734ACF007A9D75 /* Release */,
			);
			defaultConfigurationIsVisible = 0;
			defaultConfigurationName = Release;
		};
		8ED7F22D1B734ACF007A9D75 /* Build configuration list for PBXNativeTarget "SymbolicateCrashGUI" */ = {
			isa = XCConfigurationList;
			buildConfigurations = (
				8ED7F22E1B734ACF007A9D75 /* Debug */,
				8ED7F22F1B734ACF007A9D75 /* Release */,
			);
			defaultConfigurationIsVisible = 0;
			defaultConfigurationName = Release;
		};
		8ED7F2301B734ACF007A9D75 /* Build configuration list for PBXNativeTarget "SymbolicateCrashGUITests" */ = {
			isa = XCConfigurationList;
			buildConfigurations = (
				8ED7F2311B734ACF007A9D75 /* Debug */,
				8ED7F2321B734ACF007A9D75 /* Release */,
			);
			defaultConfigurationIsVisible = 0;
			defaultConfigurationName = Release;
		};
/* End XCConfigurationList section */
	};
	rootObject = 8ED7F2091B734ACF007A9D75 /* Project object */;
}
